// !$*UTF8*$!
{
	archiveVersion = 1;
	classes = {
	};
	objectVersion = 46;
	objects = {

/* Begin PBXBuildFile section */
		BD360B841D017965002AC0E3 /* AppDelegate.swift in Sources */ = {isa = PBXBuildFile; fileRef = BD360B831D017965002AC0E3 /* AppDelegate.swift */; };
		BD360B861D017965002AC0E3 /* GameScene.sks in Resources */ = {isa = PBXBuildFile; fileRef = BD360B851D017965002AC0E3 /* GameScene.sks */; };
		BD360B881D017965002AC0E3 /* GameScene.swift in Sources */ = {isa = PBXBuildFile; fileRef = BD360B871D017965002AC0E3 /* GameScene.swift */; };
		BD360B8A1D017965002AC0E3 /* GameViewController.swift in Sources */ = {isa = PBXBuildFile; fileRef = BD360B891D017965002AC0E3 /* GameViewController.swift */; };
		BD360B8D1D017965002AC0E3 /* Main.storyboard in Resources */ = {isa = PBXBuildFile; fileRef = BD360B8B1D017965002AC0E3 /* Main.storyboard */; };
		BD360B921D017965002AC0E3 /* LaunchScreen.storyboard in Resources */ = {isa = PBXBuildFile; fileRef = BD360B901D017965002AC0E3 /* LaunchScreen.storyboard */; };
		BD360B9D1D017965002AC0E3 /* ShuffleBoardTests.swift in Sources */ = {isa = PBXBuildFile; fileRef = BD360B9C1D017965002AC0E3 /* ShuffleBoardTests.swift */; };
		BD360BA81D017965002AC0E3 /* ShuffleBoardUITests.swift in Sources */ = {isa = PBXBuildFile; fileRef = BD360BA71D017965002AC0E3 /* ShuffleBoardUITests.swift */; };
		BDCBE39F1D192D9E00D9D92C /* Assets.xcassets in Resources */ = {isa = PBXBuildFile; fileRef = BDCBE39E1D192D9E00D9D92C /* Assets.xcassets */; };
/* End PBXBuildFile section */

/* Begin PBXContainerItemProxy section */
		BD360B991D017965002AC0E3 /* PBXContainerItemProxy */ = {
			isa = PBXContainerItemProxy;
			containerPortal = BD360B781D017965002AC0E3 /* Project object */;
			proxyType = 1;
			remoteGlobalIDString = BD360B7F1D017965002AC0E3;
			remoteInfo = ShuffleBoard;
		};
		BD360BA41D017965002AC0E3 /* PBXContainerItemProxy */ = {
			isa = PBXContainerItemProxy;
			containerPortal = BD360B781D017965002AC0E3 /* Project object */;
			proxyType = 1;
			remoteGlobalIDString = BD360B7F1D017965002AC0E3;
			remoteInfo = ShuffleBoard;
		};
/* End PBXContainerItemProxy section */

/* Begin PBXFileReference section */
		BD360B801D017965002AC0E3 /* BoardGame.app */ = {isa = PBXFileReference; explicitFileType = wrapper.application; includeInIndex = 0; path = BoardGame.app; sourceTree = BUILT_PRODUCTS_DIR; };
		BD360B831D017965002AC0E3 /* AppDelegate.swift */ = {isa = PBXFileReference; lastKnownFileType = sourcecode.swift; path = AppDelegate.swift; sourceTree = "<group>"; };
		BD360B851D017965002AC0E3 /* GameScene.sks */ = {isa = PBXFileReference; lastKnownFileType = file.sks; path = GameScene.sks; sourceTree = "<group>"; };
		BD360B871D017965002AC0E3 /* GameScene.swift */ = {isa = PBXFileReference; lastKnownFileType = sourcecode.swift; path = GameScene.swift; sourceTree = "<group>"; };
		BD360B891D017965002AC0E3 /* GameViewController.swift */ = {isa = PBXFileReference; lastKnownFileType = sourcecode.swift; path = GameViewController.swift; sourceTree = "<group>"; };
		BD360B8C1D017965002AC0E3 /* Base */ = {isa = PBXFileReference; lastKnownFileType = file.storyboard; name = Base; path = Base.lproj/Main.storyboard; sourceTree = "<group>"; };
		BD360B911D017965002AC0E3 /* Base */ = {isa = PBXFileReference; lastKnownFileType = file.storyboard; name = Base; path = Base.lproj/LaunchScreen.storyboard; sourceTree = "<group>"; };
		BD360B931D017965002AC0E3 /* Info.plist */ = {isa = PBXFileReference; lastKnownFileType = text.plist.xml; path = Info.plist; sourceTree = "<group>"; };
		BD360B981D017965002AC0E3 /* BoardGame.xctest */ = {isa = PBXFileReference; explicitFileType = wrapper.cfbundle; includeInIndex = 0; path = BoardGame.xctest; sourceTree = BUILT_PRODUCTS_DIR; };
		BD360B9C1D017965002AC0E3 /* ShuffleBoardTests.swift */ = {isa = PBXFileReference; lastKnownFileType = sourcecode.swift; path = ShuffleBoardTests.swift; sourceTree = "<group>"; };
		BD360B9E1D017965002AC0E3 /* Info.plist */ = {isa = PBXFileReference; lastKnownFileType = text.plist.xml; path = Info.plist; sourceTree = "<group>"; };
		BD360BA31D017965002AC0E3 /* BoardGame.xctest */ = {isa = PBXFileReference; explicitFileType = wrapper.cfbundle; includeInIndex = 0; path = BoardGame.xctest; sourceTree = BUILT_PRODUCTS_DIR; };
		BD360BA71D017965002AC0E3 /* ShuffleBoardUITests.swift */ = {isa = PBXFileReference; lastKnownFileType = sourcecode.swift; path = ShuffleBoardUITests.swift; sourceTree = "<group>"; };
		BD360BA91D017965002AC0E3 /* Info.plist */ = {isa = PBXFileReference; lastKnownFileType = text.plist.xml; path = Info.plist; sourceTree = "<group>"; };
		BDCBE39E1D192D9E00D9D92C /* Assets.xcassets */ = {isa = PBXFileReference; lastKnownFileType = folder.assetcatalog; name = Assets.xcassets; path = ShuffleBoardTests/Assets.xcassets; sourceTree = SOURCE_ROOT; };
/* End PBXFileReference section */

/* Begin PBXFrameworksBuildPhase section */
		BD360B7D1D017965002AC0E3 /* Frameworks */ = {
			isa = PBXFrameworksBuildPhase;
			buildActionMask = 2147483647;
			files = (
			);
			runOnlyForDeploymentPostprocessing = 0;
		};
		BD360B951D017965002AC0E3 /* Frameworks */ = {
			isa = PBXFrameworksBuildPhase;
			buildActionMask = 2147483647;
			files = (
			);
			runOnlyForDeploymentPostprocessing = 0;
		};
		BD360BA01D017965002AC0E3 /* Frameworks */ = {
			isa = PBXFrameworksBuildPhase;
			buildActionMask = 2147483647;
			files = (
			);
			runOnlyForDeploymentPostprocessing = 0;
		};
/* End PBXFrameworksBuildPhase section */

/* Begin PBXGroup section */
		BD360B771D017965002AC0E3 = {
			isa = PBXGroup;
			children = (
				BD360B821D017965002AC0E3 /* BoardGame */,
				BD360B9B1D017965002AC0E3 /* BoardGameTests */,
				BD360BA61D017965002AC0E3 /* BoardGameUITests */,
				BD360B811D017965002AC0E3 /* Products */,
			);
			sourceTree = "<group>";
		};
		BD360B811D017965002AC0E3 /* Products */ = {
			isa = PBXGroup;
			children = (
				BD360B801D017965002AC0E3 /* BoardGame.app */,
				BD360B981D017965002AC0E3 /* BoardGame.xctest */,
				BD360BA31D017965002AC0E3 /* BoardGame.xctest */,
			);
			name = Products;
			sourceTree = "<group>";
		};
		BD360B821D017965002AC0E3 /* BoardGame */ = {
			isa = PBXGroup;
			children = (
				BDCBE39E1D192D9E00D9D92C /* Assets.xcassets */,
				BD360B831D017965002AC0E3 /* AppDelegate.swift */,
				BD360B851D017965002AC0E3 /* GameScene.sks */,
				BD360B871D017965002AC0E3 /* GameScene.swift */,
				BD360B891D017965002AC0E3 /* GameViewController.swift */,
				BD360B8B1D017965002AC0E3 /* Main.storyboard */,
				BD360B901D017965002AC0E3 /* LaunchScreen.storyboard */,
				BD360B931D017965002AC0E3 /* Info.plist */,
			);
			name = BoardGame;
			path = ShuffleBoard;
			sourceTree = "<group>";
		};
		BD360B9B1D017965002AC0E3 /* BoardGameTests */ = {
			isa = PBXGroup;
			children = (
				BD360B9C1D017965002AC0E3 /* ShuffleBoardTests.swift */,
				BD360B9E1D017965002AC0E3 /* Info.plist */,
			);
			name = BoardGameTests;
			path = ShuffleBoardTests;
			sourceTree = "<group>";
		};
		BD360BA61D017965002AC0E3 /* BoardGameUITests */ = {
			isa = PBXGroup;
			children = (
				BD360BA71D017965002AC0E3 /* ShuffleBoardUITests.swift */,
				BD360BA91D017965002AC0E3 /* Info.plist */,
			);
			name = BoardGameUITests;
			path = ShuffleBoardUITests;
			sourceTree = "<group>";
		};
/* End PBXGroup section */

/* Begin PBXNativeTarget section */
		BD360B7F1D017965002AC0E3 /* BoardGame */ = {
			isa = PBXNativeTarget;
			buildConfigurationList = BD360BAC1D017965002AC0E3 /* Build configuration list for PBXNativeTarget "BoardGame" */;
			buildPhases = (
				BD360B7C1D017965002AC0E3 /* Sources */,
				BD360B7D1D017965002AC0E3 /* Frameworks */,
				BD360B7E1D017965002AC0E3 /* Resources */,
			);
			buildRules = (
			);
			dependencies = (
			);
			name = BoardGame;
			productName = ShuffleBoard;
			productReference = BD360B801D017965002AC0E3 /* BoardGame.app */;
			productType = "com.apple.product-type.application";
		};
		BD360B971D017965002AC0E3 /* BoardGameTests */ = {
			isa = PBXNativeTarget;
			buildConfigurationList = BD360BAF1D017965002AC0E3 /* Build configuration list for PBXNativeTarget "BoardGameTests" */;
			buildPhases = (
				BD360B941D017965002AC0E3 /* Sources */,
				BD360B951D017965002AC0E3 /* Frameworks */,
				BD360B961D017965002AC0E3 /* Resources */,
			);
			buildRules = (
			);
			dependencies = (
				BD360B9A1D017965002AC0E3 /* PBXTargetDependency */,
			);
			name = BoardGameTests;
			productName = ShuffleBoardTests;
			productReference = BD360B981D017965002AC0E3 /* BoardGame.xctest */;
			productType = "com.apple.product-type.bundle.unit-test";
		};
		BD360BA21D017965002AC0E3 /* BoardGameUITests */ = {
			isa = PBXNativeTarget;
			buildConfigurationList = BD360BB21D017965002AC0E3 /* Build configuration list for PBXNativeTarget "BoardGameUITests" */;
			buildPhases = (
				BD360B9F1D017965002AC0E3 /* Sources */,
				BD360BA01D017965002AC0E3 /* Frameworks */,
				BD360BA11D017965002AC0E3 /* Resources */,
			);
			buildRules = (
			);
			dependencies = (
				BD360BA51D017965002AC0E3 /* PBXTargetDependency */,
			);
			name = BoardGameUITests;
			productName = ShuffleBoardUITests;
			productReference = BD360BA31D017965002AC0E3 /* BoardGame.xctest */;
			productType = "com.apple.product-type.bundle.ui-testing";
		};
/* End PBXNativeTarget section */

/* Begin PBXProject section */
		BD360B781D017965002AC0E3 /* Project object */ = {
			isa = PBXProject;
			attributes = {
				LastSwiftUpdateCheck = 0730;
				LastUpgradeCheck = 0730;
				ORGANIZATIONNAME = "Chris Zhang";
				TargetAttributes = {
					BD360B7F1D017965002AC0E3 = {
						CreatedOnToolsVersion = 7.3;
						DevelopmentTeam = P99428PPVG;
					};
					BD360B971D017965002AC0E3 = {
						CreatedOnToolsVersion = 7.3;
						DevelopmentTeam = P99428PPVG;
						TestTargetID = BD360B7F1D017965002AC0E3;
					};
					BD360BA21D017965002AC0E3 = {
						CreatedOnToolsVersion = 7.3;
						DevelopmentTeam = P99428PPVG;
						TestTargetID = BD360B7F1D017965002AC0E3;
					};
				};
			};
			buildConfigurationList = BD360B7B1D017965002AC0E3 /* Build configuration list for PBXProject "BoardGame" */;
			compatibilityVersion = "Xcode 3.2";
			developmentRegion = English;
			hasScannedForEncodings = 0;
			knownRegions = (
				en,
				Base,
			);
			mainGroup = BD360B771D017965002AC0E3;
			productRefGroup = BD360B811D017965002AC0E3 /* Products */;
			projectDirPath = "";
			projectRoot = "";
			targets = (
				BD360B7F1D017965002AC0E3 /* BoardGame */,
				BD360B971D017965002AC0E3 /* BoardGameTests */,
				BD360BA21D017965002AC0E3 /* BoardGameUITests */,
			);
		};
/* End PBXProject section */

/* Begin PBXResourcesBuildPhase section */
		BD360B7E1D017965002AC0E3 /* Resources */ = {
			isa = PBXResourcesBuildPhase;
			buildActionMask = 2147483647;
			files = (
				BD360B861D017965002AC0E3 /* GameScene.sks in Resources */,
				BD360B921D017965002AC0E3 /* LaunchScreen.storyboard in Resources */,
				BDCBE39F1D192D9E00D9D92C /* Assets.xcassets in Resources */,
				BD360B8D1D017965002AC0E3 /* Main.storyboard in Resources */,
			);
			runOnlyForDeploymentPostprocessing = 0;
		};
		BD360B961D017965002AC0E3 /* Resources */ = {
			isa = PBXResourcesBuildPhase;
			buildActionMask = 2147483647;
			files = (
			);
			runOnlyForDeploymentPostprocessing = 0;
		};
		BD360BA11D017965002AC0E3 /* Resources */ = {
			isa = PBXResourcesBuildPhase;
			buildActionMask = 2147483647;
			files = (
			);
			runOnlyForDeploymentPostprocessing = 0;
		};
/* End PBXResourcesBuildPhase section */

/* Begin PBXSourcesBuildPhase section */
		BD360B7C1D017965002AC0E3 /* Sources */ = {
			isa = PBXSourcesBuildPhase;
			buildActionMask = 2147483647;
			files = (
				BD360B881D017965002AC0E3 /* GameScene.swift in Sources */,
				BD360B8A1D017965002AC0E3 /* GameViewController.swift in Sources */,
				BD360B841D017965002AC0E3 /* AppDelegate.swift in Sources */,
			);
			runOnlyForDeploymentPostprocessing = 0;
		};
		BD360B941D017965002AC0E3 /* Sources */ = {
			isa = PBXSourcesBuildPhase;
			buildActionMask = 2147483647;
			files = (
				BD360B9D1D017965002AC0E3 /* ShuffleBoardTests.swift in Sources */,
			);
			runOnlyForDeploymentPostprocessing = 0;
		};
		BD360B9F1D017965002AC0E3 /* Sources */ = {
			isa = PBXSourcesBuildPhase;
			buildActionMask = 2147483647;
			files = (
				BD360BA81D017965002AC0E3 /* ShuffleBoardUITests.swift in Sources */,
			);
			runOnlyForDeploymentPostprocessing = 0;
		};
/* End PBXSourcesBuildPhase section */

/* Begin PBXTargetDependency section */
		BD360B9A1D017965002AC0E3 /* PBXTargetDependency */ = {
			isa = PBXTargetDependency;
			target = BD360B7F1D017965002AC0E3 /* BoardGame */;
			targetProxy = BD360B991D017965002AC0E3 /* PBXContainerItemProxy */;
		};
		BD360BA51D017965002AC0E3 /* PBXTargetDependency */ = {
			isa = PBXTargetDependency;
			target = BD360B7F1D017965002AC0E3 /* BoardGame */;
			targetProxy = BD360BA41D017965002AC0E3 /* PBXContainerItemProxy */;
		};
/* End PBXTargetDependency section */

/* Begin PBXVariantGroup section */
		BD360B8B1D017965002AC0E3 /* Main.storyboard */ = {
			isa = PBXVariantGroup;
			children = (
				BD360B8C1D017965002AC0E3 /* Base */,
			);
			name = Main.storyboard;
			sourceTree = "<group>";
		};
		BD360B901D017965002AC0E3 /* LaunchScreen.storyboard */ = {
			isa = PBXVariantGroup;
			children = (
				BD360B911D017965002AC0E3 /* Base */,
			);
			name = LaunchScreen.storyboard;
			sourceTree = "<group>";
		};
/* End PBXVariantGroup section */

/* Begin XCBuildConfiguration section */
		BD360BAA1D017965002AC0E3 /* Debug */ = {
			isa = XCBuildConfiguration;
			buildSettings = {
				ALWAYS_SEARCH_USER_PATHS = NO;
				CLANG_ANALYZER_NONNULL = YES;
				CLANG_CXX_LANGUAGE_STANDARD = "gnu++0x";
				CLANG_CXX_LIBRARY = "libc++";
				CLANG_ENABLE_MODULES = YES;
				CLANG_ENABLE_OBJC_ARC = YES;
				CLANG_WARN_BOOL_CONVERSION = YES;
				CLANG_WARN_CONSTANT_CONVERSION = YES;
				CLANG_WARN_DIRECT_OBJC_ISA_USAGE = YES_ERROR;
				CLANG_WARN_EMPTY_BODY = YES;
				CLANG_WARN_ENUM_CONVERSION = YES;
				CLANG_WARN_INT_CONVERSION = YES;
				CLANG_WARN_OBJC_ROOT_CLASS = YES_ERROR;
				CLANG_WARN_UNREACHABLE_CODE = YES;
				CLANG_WARN__DUPLICATE_METHOD_MATCH = YES;
				"CODE_SIGN_IDENTITY[sdk=iphoneos*]" = "iPhone Developer";
				COPY_PHASE_STRIP = NO;
				DEBUG_INFORMATION_FORMAT = "dwarf-with-dsym";
				ENABLE_STRICT_OBJC_MSGSEND = YES;
				ENABLE_TESTABILITY = YES;
				GCC_C_LANGUAGE_STANDARD = gnu99;
				GCC_DYNAMIC_NO_PIC = NO;
				GCC_NO_COMMON_BLOCKS = YES;
				GCC_OPTIMIZATION_LEVEL = 0;
				GCC_PREPROCESSOR_DEFINITIONS = (
					"DEBUG=1",
					"$(inherited)",
				);
				GCC_WARN_64_TO_32_BIT_CONVERSION = YES;
				GCC_WARN_ABOUT_RETURN_TYPE = YES_ERROR;
				GCC_WARN_UNDECLARED_SELECTOR = YES;
				GCC_WARN_UNINITIALIZED_AUTOS = YES_AGGRESSIVE;
				GCC_WARN_UNUSED_FUNCTION = YES;
				GCC_WARN_UNUSED_VARIABLE = YES;
				IPHONEOS_DEPLOYMENT_TARGET = 9.3;
				MTL_ENABLE_DEBUG_INFO = YES;
				ONLY_ACTIVE_ARCH = YES;
				SDKROOT = iphoneos;
				SWIFT_OPTIMIZATION_LEVEL = "-Onone";
				TARGETED_DEVICE_FAMILY = "1,2";
			};
			name = Debug;
		};
		BD360BAB1D017965002AC0E3 /* Release */ = {
			isa = XCBuildConfiguration;
			buildSettings = {
				ALWAYS_SEARCH_USER_PATHS = NO;
				CLANG_ANALYZER_NONNULL = YES;
				CLANG_CXX_LANGUAGE_STANDARD = "gnu++0x";
				CLANG_CXX_LIBRARY = "libc++";
				CLANG_ENABLE_MODULES = YES;
				CLANG_ENABLE_OBJC_ARC = YES;
				CLANG_WARN_BOOL_CONVERSION = YES;
				CLANG_WARN_CONSTANT_CONVERSION = YES;
				CLANG_WARN_DIRECT_OBJC_ISA_USAGE = YES_ERROR;
				CLANG_WARN_EMPTY_BODY = YES;
				CLANG_WARN_ENUM_CONVERSION = YES;
				CLANG_WARN_INT_CONVERSION = YES;
				CLANG_WARN_OBJC_ROOT_CLASS = YES_ERROR;
				CLANG_WARN_UNREACHABLE_CODE = YES;
				CLANG_WARN__DUPLICATE_METHOD_MATCH = YES;
				"CODE_SIGN_IDENTITY[sdk=iphoneos*]" = "iPhone Developer";
				COPY_PHASE_STRIP = NO;
				DEBUG_INFORMATION_FORMAT = "dwarf-with-dsym";
				ENABLE_NS_ASSERTIONS = NO;
				ENABLE_STRICT_OBJC_MSGSEND = YES;
				GCC_C_LANGUAGE_STANDARD = gnu99;
				GCC_NO_COMMON_BLOCKS = YES;
				GCC_WARN_64_TO_32_BIT_CONVERSION = YES;
				GCC_WARN_ABOUT_RETURN_TYPE = YES_ERROR;
				GCC_WARN_UNDECLARED_SELECTOR = YES;
				GCC_WARN_UNINITIALIZED_AUTOS = YES_AGGRESSIVE;
				GCC_WARN_UNUSED_FUNCTION = YES;
				GCC_WARN_UNUSED_VARIABLE = YES;
				IPHONEOS_DEPLOYMENT_TARGET = 9.3;
				MTL_ENABLE_DEBUG_INFO = NO;
				SDKROOT = iphoneos;
				TARGETED_DEVICE_FAMILY = "1,2";
				VALIDATE_PRODUCT = YES;
			};
			name = Release;
		};
		BD360BAD1D017965002AC0E3 /* Debug */ = {
			isa = XCBuildConfiguration;
			buildSettings = {
				ASSETCATALOG_COMPILER_APPICON_NAME = AppIcon;
				INFOPLIST_FILE = ShuffleBoard/Info.plist;
				LD_RUNPATH_SEARCH_PATHS = "$(inherited) @executable_path/Frameworks";
				PRODUCT_BUNDLE_IDENTIFIER = self.edu.chris.ShuffleBoard;
				PRODUCT_NAME = BoardGame;
			};
			name = Debug;
		};
		BD360BAE1D017965002AC0E3 /* Release */ = {
			isa = XCBuildConfiguration;
			buildSettings = {
				ASSETCATALOG_COMPILER_APPICON_NAME = AppIcon;
				INFOPLIST_FILE = ShuffleBoard/Info.plist;
				LD_RUNPATH_SEARCH_PATHS = "$(inherited) @executable_path/Frameworks";
				PRODUCT_BUNDLE_IDENTIFIER = self.edu.chris.ShuffleBoard;
				PRODUCT_NAME = BoardGame;
			};
			name = Release;
		};
		BD360BB01D017965002AC0E3 /* Debug */ = {
			isa = XCBuildConfiguration;
			buildSettings = {
				BUNDLE_LOADER = "$(TEST_HOST)";
				DEBUG_INFORMATION_FORMAT = dwarf;
				INFOPLIST_FILE = ShuffleBoardTests/Info.plist;
				LD_RUNPATH_SEARCH_PATHS = "$(inherited) @executable_path/Frameworks @loader_path/Frameworks";
				PRODUCT_BUNDLE_IDENTIFIER = self.edu.chris.ShuffleBoardTests;
				PRODUCT_NAME = BoardGame;
				TEST_HOST = "$(BUILT_PRODUCTS_DIR)/BoardGame.app/BoardGame";
			};
			name = Debug;
		};
		BD360BB11D017965002AC0E3 /* Release */ = {
			isa = XCBuildConfiguration;
			buildSettings = {
				BUNDLE_LOADER = "$(TEST_HOST)";
				INFOPLIST_FILE = ShuffleBoardTests/Info.plist;
				LD_RUNPATH_SEARCH_PATHS = "$(inherited) @executable_path/Frameworks @loader_path/Frameworks";
				PRODUCT_BUNDLE_IDENTIFIER = self.edu.chris.ShuffleBoardTests;
				PRODUCT_NAME = BoardGame;
				TEST_HOST = "$(BUILT_PRODUCTS_DIR)/BoardGame.app/BoardGame";
			};
			name = Release;
		};
		BD360BB31D017965002AC0E3 /* Debug */ = {
			isa = XCBuildConfiguration;
			buildSettings = {
				DEBUG_INFORMATION_FORMAT = dwarf;
				INFOPLIST_FILE = ShuffleBoardUITests/Info.plist;
				LD_RUNPATH_SEARCH_PATHS = "$(inherited) @executable_path/Frameworks @loader_path/Frameworks";
				PRODUCT_BUNDLE_IDENTIFIER = self.edu.chris.ShuffleBoardUITests;
				PRODUCT_NAME = BoardGame;
				TEST_TARGET_NAME = ShuffleBoard;
			};
			name = Debug;
		};
		BD360BB41D017965002AC0E3 /* Release */ = {
			isa = XCBuildConfiguration;
			buildSettings = {
				INFOPLIST_FILE = ShuffleBoardUITests/Info.plist;
				LD_RUNPATH_SEARCH_PATHS = "$(inherited) @executable_path/Frameworks @loader_path/Frameworks";
				PRODUCT_BUNDLE_IDENTIFIER = self.edu.chris.ShuffleBoardUITests;
				PRODUCT_NAME = BoardGame;
				TEST_TARGET_NAME = ShuffleBoard;
			};
			name = Release;
		};
/* End XCBuildConfiguration section */

/* Begin XCConfigurationList section */
		BD360B7B1D017965002AC0E3 /* Build configuration list for PBXProject "BoardGame" */ = {
			isa = XCConfigurationList;
			buildConfigurations = (
				BD360BAA1D017965002AC0E3 /* Debug */,
				BD360BAB1D017965002AC0E3 /* Release */,
			);
			defaultConfigurationIsVisible = 0;
			defaultConfigurationName = Release;
		};
		BD360BAC1D017965002AC0E3 /* Build configuration list for PBXNativeTarget "BoardGame" */ = {
			isa = XCConfigurationList;
			buildConfigurations = (
				BD360BAD1D017965002AC0E3 /* Debug */,
				BD360BAE1D017965002AC0E3 /* Release */,
			);
			defaultConfigurationIsVisible = 0;
			defaultConfigurationName = Release;
		};
		BD360BAF1D017965002AC0E3 /* Build configuration list for PBXNativeTarget "BoardGameTests" */ = {
			isa = XCConfigurationList;
			buildConfigurations = (
				BD360BB01D017965002AC0E3 /* Debug */,
				BD360BB11D017965002AC0E3 /* Release */,
			);
			defaultConfigurationIsVisible = 0;
			defaultConfigurationName = Release;
		};
		BD360BB21D017965002AC0E3 /* Build configuration list for PBXNativeTarget "BoardGameUITests" */ = {
			isa = XCConfigurationList;
			buildConfigurations = (
				BD360BB31D017965002AC0E3 /* Debug */,
				BD360BB41D017965002AC0E3 /* Release */,
			);
			defaultConfigurationIsVisible = 0;
			defaultConfigurationName = Release;
		};
/* End XCConfigurationList section */
	};
	rootObject = BD360B781D017965002AC0E3 /* Project object */;
}
